
Microsoft Visual Studio Solution File, Format Version 12.00
# Visual Studio 2013
VisualStudioVersion = 12.0.21005.1
MinimumVisualStudioVersion = 10.0.40219.1
Project("{FAE04EC0-301F-11D3-BF4B-00C04F79EFBC}") = "01.SumOfNumbers", "SumOfNumbers\01.SumOfNumbers.csproj", "{5130F488-531E-4115-81D0-AEAC388396BE}"
EndProject
Project("{FAE04EC0-301F-11D3-BF4B-00C04F79EFBC}") = "02.CompanyInformation", "CompanyInformation\02.CompanyInformation.csproj", "{75D7B030-E0DC-4B54-ABC5-5B030EF7E1AD}"
EndProject
Project("{FAE04EC0-301F-11D3-BF4B-00C04F79EFBC}") = "03.Circle", "Circle\03.Circle.csproj", "{3C7309C9-C7D2-4EA8-B969-C4E6EAA3A839}"
EndProject
Project("{FAE04EC0-301F-11D3-BF4B-00C04F79EFBC}") = "04.NumberComparer", "NumberComparer\04.NumberComparer.csproj", "{18A05B76-CD98-4F08-89D9-F9A20F8F3BB3}"
EndProject
Project("{FAE04EC0-301F-11D3-BF4B-00C04F79EFBC}") = "05.FormattingNumber", "FormattingNumber\05.FormattingNumber.csproj", "{89B29D43-ADDD-4D42-8D44-92CD169BBDB0}"
EndProject
Project("{FAE04EC0-301F-11D3-BF4B-00C04F79EFBC}") = "06.QuadraticEquasion", "QuadraticEquasion\06.QuadraticEquasion.csproj", "{758FF5F9-FA67-4B33-8CDC-DAF652D0656A}"
EndProject
Project("{FAE04EC0-301F-11D3-BF4B-00C04F79EFBC}") = "07.SumOf5", "SumOf5\07.SumOf5.csproj", "{99A10DA7-D8BE-4BFC-893C-9AF8D6B01F85}"
EndProject
Project("{FAE04EC0-301F-11D3-BF4B-00C04F79EFBC}") = "08.From1ToN", "From1ToN\08.From1ToN.csproj", "{EC70C3D2-D8EB-4F7E-B04F-D54B4C9C311B}"
EndProject
Project("{FAE04EC0-301F-11D3-BF4B-00C04F79EFBC}") = "09.SumOfN", "SumOfN\09.SumOfN.csproj", "{01E441EE-6349-4768-BB07-4AD550EAA522}"
EndProject
Project("{FAE04EC0-301F-11D3-BF4B-00C04F79EFBC}") = "10.Fibonacci", "Fibonacci\10.Fibonacci.csproj", "{A4D28DC3-9358-4C4E-ACDA-4349FDA2951A}"
EndProject
Global
	GlobalSection(SolutionConfigurationPlatforms) = preSolution
		Debug|Any CPU = Debug|Any CPU
		Release|Any CPU = Release|Any CPU
	EndGlobalSection
	GlobalSection(ProjectConfigurationPlatforms) = postSolution
		{5130F488-531E-4115-81D0-AEAC388396BE}.Debug|Any CPU.ActiveCfg = Debug|Any CPU
		{5130F488-531E-4115-81D0-AEAC388396BE}.Debug|Any CPU.Build.0 = Debug|Any CPU
		{5130F488-531E-4115-81D0-AEAC388396BE}.Release|Any CPU.ActiveCfg = Release|Any CPU
		{5130F488-531E-4115-81D0-AEAC388396BE}.Release|Any CPU.Build.0 = Release|Any CPU
		{75D7B030-E0DC-4B54-ABC5-5B030EF7E1AD}.Debug|Any CPU.ActiveCfg = Debug|Any CPU
		{75D7B030-E0DC-4B54-ABC5-5B030EF7E1AD}.Debug|Any CPU.Build.0 = Debug|Any CPU
		{75D7B030-E0DC-4B54-ABC5-5B030EF7E1AD}.Release|Any CPU.ActiveCfg = Release|Any CPU
		{75D7B030-E0DC-4B54-ABC5-5B030EF7E1AD}.Release|Any CPU.Build.0 = Release|Any CPU
		{3C7309C9-C7D2-4EA8-B969-C4E6EAA3A839}.Debug|Any CPU.ActiveCfg = Debug|Any CPU
		{3C7309C9-C7D2-4EA8-B969-C4E6EAA3A839}.Debug|Any CPU.Build.0 = Debug|Any CPU
		{3C7309C9-C7D2-4EA8-B969-C4E6EAA3A839}.Release|Any CPU.ActiveCfg = Release|Any CPU
		{3C7309C9-C7D2-4EA8-B969-C4E6EAA3A839}.Release|Any CPU.Build.0 = Release|Any CPU
		{18A05B76-CD98-4F08-89D9-F9A20F8F3BB3}.Debug|Any CPU.ActiveCfg = Debug|Any CPU
		{18A05B76-CD98-4F08-89D9-F9A20F8F3BB3}.Debug|Any CPU.Build.0 = Debug|Any CPU
		{18A05B76-CD98-4F08-89D9-F9A20F8F3BB3}.Release|Any CPU.ActiveCfg = Release|Any CPU
		{18A05B76-CD98-4F08-89D9-F9A20F8F3BB3}.Release|Any CPU.Build.0 = Release|Any CPU
		{89B29D43-ADDD-4D42-8D44-92CD169BBDB0}.Debug|Any CPU.ActiveCfg = Debug|Any CPU
		{89B29D43-ADDD-4D42-8D44-92CD169BBDB0}.Debug|Any CPU.Build.0 = Debug|Any CPU
		{89B29D43-ADDD-4D42-8D44-92CD169BBDB0}.Release|Any CPU.ActiveCfg = Release|Any CPU
		{89B29D43-ADDD-4D42-8D44-92CD169BBDB0}.Release|Any CPU.Build.0 = Release|Any CPU
		{758FF5F9-FA67-4B33-8CDC-DAF652D0656A}.Debug|Any CPU.ActiveCfg = Debug|Any CPU
		{758FF5F9-FA67-4B33-8CDC-DAF652D0656A}.Debug|Any CPU.Build.0 = Debug|Any CPU
		{758FF5F9-FA67-4B33-8CDC-DAF652D0656A}.Release|Any CPU.ActiveCfg = Release|Any CPU
		{758FF5F9-FA67-4B33-8CDC-DAF652D0656A}.Release|Any CPU.Build.0 = Release|Any CPU
		{99A10DA7-D8BE-4BFC-893C-9AF8D6B01F85}.Debug|Any CPU.ActiveCfg = Debug|Any CPU
		{99A10DA7-D8BE-4BFC-893C-9AF8D6B01F85}.Debug|Any CPU.Build.0 = Debug|Any CPU
		{99A10DA7-D8BE-4BFC-893C-9AF8D6B01F85}.Release|Any CPU.ActiveCfg = Release|Any CPU
		{99A10DA7-D8BE-4BFC-893C-9AF8D6B01F85}.Release|Any CPU.Build.0 = Release|Any CPU
		{EC70C3D2-D8EB-4F7E-B04F-D54B4C9C311B}.Debug|Any CPU.ActiveCfg = Debug|Any CPU
		{EC70C3D2-D8EB-4F7E-B04F-D54B4C9C311B}.Debug|Any CPU.Build.0 = Debug|Any CPU
		{EC70C3D2-D8EB-4F7E-B04F-D54B4C9C311B}.Release|Any CPU.ActiveCfg = Release|Any CPU
		{EC70C3D2-D8EB-4F7E-B04F-D54B4C9C311B}.Release|Any CPU.Build.0 = Release|Any CPU
		{01E441EE-6349-4768-BB07-4AD550EAA522}.Debug|Any CPU.ActiveCfg = Debug|Any CPU
		{01E441EE-6349-4768-BB07-4AD550EAA522}.Debug|Any CPU.Build.0 = Debug|Any CPU
		{01E441EE-6349-4768-BB07-4AD550EAA522}.Release|Any CPU.ActiveCfg = Release|Any CPU
		{01E441EE-6349-4768-BB07-4AD550EAA522}.Release|Any CPU.Build.0 = Release|Any CPU
		{A4D28DC3-9358-4C4E-ACDA-4349FDA2951A}.Debug|Any CPU.ActiveCfg = Debug|Any CPU
		{A4D28DC3-9358-4C4E-ACDA-4349FDA2951A}.Debug|Any CPU.Build.0 = Debug|Any CPU
		{A4D28DC3-9358-4C4E-ACDA-4349FDA2951A}.Release|Any CPU.ActiveCfg = Release|Any CPU
		{A4D28DC3-9358-4C4E-ACDA-4349FDA2951A}.Release|Any CPU.Build.0 = Release|Any CPU
	EndGlobalSection
	GlobalSection(SolutionProperties) = preSolution
		HideSolutionNode = FALSE
	EndGlobalSection
EndGlobal
